
Microsoft Visual Studio Solution File, Format Version 12.00
# Visual Studio 15
VisualStudioVersion = 15.0.28010.2026
MinimumVisualStudioVersion = 10.0.40219.1
Project("{8BC9CEB8-8B4A-11D0-8D11-00A0C91BC942}") = "TCP_Console_Server", "TCP_Console_Server\TCP_Console_Server.vcxproj", "{6096275F-DC6B-46A7-8FDB-852D128D74AA}"
EndProject
Project("{8BC9CEB8-8B4A-11D0-8D11-00A0C91BC942}") = "TCP_Console_Server_Thread", "TCP_Console_Server_Thread\TCP_Console_Server_Thread.vcxproj", "{83E74E8A-ACCB-4BF0-9D34-7647CC17A561}"
EndProject
Global
	GlobalSection(SolutionConfigurationPlatforms) = preSolution
		Debug|x64 = Debug|x64
		Debug|x86 = Debug|x86
		Release|x64 = Release|x64
		Release|x86 = Release|x86
	EndGlobalSection
	GlobalSection(ProjectConfigurationPlatforms) = postSolution
		{6096275F-DC6B-46A7-8FDB-852D128D74AA}.Debug|x64.ActiveCfg = Debug|x64
		{6096275F-DC6B-46A7-8FDB-852D128D74AA}.Debug|x64.Build.0 = Debug|x64
		{6096275F-DC6B-46A7-8FDB-852D128D74AA}.Debug|x86.ActiveCfg = Debug|Win32
		{6096275F-DC6B-46A7-8FDB-852D128D74AA}.Debug|x86.Build.0 = Debug|Win32
		{6096275F-DC6B-46A7-8FDB-852D128D74AA}.Release|x64.ActiveCfg = Release|x64
		{6096275F-DC6B-46A7-8FDB-852D128D74AA}.Release|x64.Build.0 = Release|x64
		{6096275F-DC6B-46A7-8FDB-852D128D74AA}.Release|x86.ActiveCfg = Release|Win32
		{6096275F-DC6B-46A7-8FDB-852D128D74AA}.Release|x86.Build.0 = Release|Win32
		{83E74E8A-ACCB-4BF0-9D34-7647CC17A561}.Debug|x64.ActiveCfg = Debug|x64
		{83E74E8A-ACCB-4BF0-9D34-7647CC17A561}.Debug|x64.Build.0 = Debug|x64
		{83E74E8A-ACCB-4BF0-9D34-7647CC17A561}.Debug|x86.ActiveCfg = Debug|Win32
		{83E74E8A-ACCB-4BF0-9D34-7647CC17A561}.Debug|x86.Build.0 = Debug|Win32
		{83E74E8A-ACCB-4BF0-9D34-7647CC17A561}.Release|x64.ActiveCfg = Release|x64
		{83E74E8A-ACCB-4BF0-9D34-7647CC17A561}.Release|x64.Build.0 = Release|x64
		{83E74E8A-ACCB-4BF0-9D34-7647CC17A561}.Release|x86.ActiveCfg = Release|Win32
		{83E74E8A-ACCB-4BF0-9D34-7647CC17A561}.Release|x86.Build.0 = Release|Win32
	EndGlobalSection
	GlobalSection(SolutionProperties) = preSolution
		HideSolutionNode = FALSE
	EndGlobalSection
	GlobalSection(ExtensibilityGlobals) = postSolution
		SolutionGuid = {3A62934B-04C7-4C70-BC54-19A352F618B0}
	EndGlobalSection
EndGlobal
