
Microsoft Visual Studio Solution File, Format Version 12.00
# Visual Studio 15
VisualStudioVersion = 15.0.28010.2019
MinimumVisualStudioVersion = 10.0.40219.1
Project("{8BC9CEB8-8B4A-11D0-8D11-00A0C91BC942}") = "TCP_Console_Client", "TCP_Console_Client\TCP_Console_Client.vcxproj", "{5DD0FA22-89D3-4080-B22D-BA4F13C030B4}"
EndProject
Global
	GlobalSection(SolutionConfigurationPlatforms) = preSolution
		Debug|x64 = Debug|x64
		Debug|x86 = Debug|x86
		Release|x64 = Release|x64
		Release|x86 = Release|x86
	EndGlobalSection
	GlobalSection(ProjectConfigurationPlatforms) = postSolution
		{5DD0FA22-89D3-4080-B22D-BA4F13C030B4}.Debug|x64.ActiveCfg = Debug|x64
		{5DD0FA22-89D3-4080-B22D-BA4F13C030B4}.Debug|x64.Build.0 = Debug|x64
		{5DD0FA22-89D3-4080-B22D-BA4F13C030B4}.Debug|x86.ActiveCfg = Debug|Win32
		{5DD0FA22-89D3-4080-B22D-BA4F13C030B4}.Debug|x86.Build.0 = Debug|Win32
		{5DD0FA22-89D3-4080-B22D-BA4F13C030B4}.Release|x64.ActiveCfg = Release|x64
		{5DD0FA22-89D3-4080-B22D-BA4F13C030B4}.Release|x64.Build.0 = Release|x64
		{5DD0FA22-89D3-4080-B22D-BA4F13C030B4}.Release|x86.ActiveCfg = Release|Win32
		{5DD0FA22-89D3-4080-B22D-BA4F13C030B4}.Release|x86.Build.0 = Release|Win32
	EndGlobalSection
	GlobalSection(SolutionProperties) = preSolution
		HideSolutionNode = FALSE
	EndGlobalSection
	GlobalSection(ExtensibilityGlobals) = postSolution
		SolutionGuid = {551F076D-3FD7-4114-B900-7F20DCE7E65B}
	EndGlobalSection
EndGlobal
